
Microsoft Visual Studio Solution File, Format Version 12.00
# Visual Studio Version 17
Project("{8BC9CEB8-8B4A-11D0-8D11-00A0C91BC942}") = "ALL_BUILD", "ALL_BUILD.vcxproj", "{04D46ADD-4638-3387-8801-DCABBB4A5FCA}"
	ProjectSection(ProjectDependencies) = postProject
		{61858DE1-97DB-381E-A7C6-EF62D235A339} = {61858DE1-97DB-381E-A7C6-EF62D235A339}
		{84F4103E-9CED-3FFC-A444-A9501FE2668A} = {84F4103E-9CED-3FFC-A444-A9501FE2668A}
	EndProjectSection
EndProject
Project("{8BC9CEB8-8B4A-11D0-8D11-00A0C91BC942}") = "STM32F071CBT7TR", "STM32F071CBT7TR.vcxproj", "{61858DE1-97DB-381E-A7C6-EF62D235A339}"
	ProjectSection(ProjectDependencies) = postProject
		{84F4103E-9CED-3FFC-A444-A9501FE2668A} = {84F4103E-9CED-3FFC-A444-A9501FE2668A}
	EndProjectSection
EndProject
Project("{8BC9CEB8-8B4A-11D0-8D11-00A0C91BC942}") = "ZERO_CHECK", "ZERO_CHECK.vcxproj", "{84F4103E-9CED-3FFC-A444-A9501FE2668A}"
	ProjectSection(ProjectDependencies) = postProject
	EndProjectSection
EndProject
Global
	GlobalSection(SolutionConfigurationPlatforms) = preSolution
		Debug|x64 = Debug|x64
		Release|x64 = Release|x64
		MinSizeRel|x64 = MinSizeRel|x64
		RelWithDebInfo|x64 = RelWithDebInfo|x64
	EndGlobalSection
	GlobalSection(ProjectConfigurationPlatforms) = postSolution
		{04D46ADD-4638-3387-8801-DCABBB4A5FCA}.Debug|x64.ActiveCfg = Debug|x64
		{04D46ADD-4638-3387-8801-DCABBB4A5FCA}.Release|x64.ActiveCfg = Release|x64
		{04D46ADD-4638-3387-8801-DCABBB4A5FCA}.MinSizeRel|x64.ActiveCfg = MinSizeRel|x64
		{04D46ADD-4638-3387-8801-DCABBB4A5FCA}.RelWithDebInfo|x64.ActiveCfg = RelWithDebInfo|x64
		{61858DE1-97DB-381E-A7C6-EF62D235A339}.Debug|x64.ActiveCfg = Debug|x64
		{61858DE1-97DB-381E-A7C6-EF62D235A339}.Debug|x64.Build.0 = Debug|x64
		{61858DE1-97DB-381E-A7C6-EF62D235A339}.Release|x64.ActiveCfg = Release|x64
		{61858DE1-97DB-381E-A7C6-EF62D235A339}.Release|x64.Build.0 = Release|x64
		{61858DE1-97DB-381E-A7C6-EF62D235A339}.MinSizeRel|x64.ActiveCfg = MinSizeRel|x64
		{61858DE1-97DB-381E-A7C6-EF62D235A339}.MinSizeRel|x64.Build.0 = MinSizeRel|x64
		{61858DE1-97DB-381E-A7C6-EF62D235A339}.RelWithDebInfo|x64.ActiveCfg = RelWithDebInfo|x64
		{61858DE1-97DB-381E-A7C6-EF62D235A339}.RelWithDebInfo|x64.Build.0 = RelWithDebInfo|x64
		{84F4103E-9CED-3FFC-A444-A9501FE2668A}.Debug|x64.ActiveCfg = Debug|x64
		{84F4103E-9CED-3FFC-A444-A9501FE2668A}.Debug|x64.Build.0 = Debug|x64
		{84F4103E-9CED-3FFC-A444-A9501FE2668A}.Release|x64.ActiveCfg = Release|x64
		{84F4103E-9CED-3FFC-A444-A9501FE2668A}.Release|x64.Build.0 = Release|x64
		{84F4103E-9CED-3FFC-A444-A9501FE2668A}.MinSizeRel|x64.ActiveCfg = MinSizeRel|x64
		{84F4103E-9CED-3FFC-A444-A9501FE2668A}.MinSizeRel|x64.Build.0 = MinSizeRel|x64
		{84F4103E-9CED-3FFC-A444-A9501FE2668A}.RelWithDebInfo|x64.ActiveCfg = RelWithDebInfo|x64
		{84F4103E-9CED-3FFC-A444-A9501FE2668A}.RelWithDebInfo|x64.Build.0 = RelWithDebInfo|x64
	EndGlobalSection
	GlobalSection(ExtensibilityGlobals) = postSolution
		SolutionGuid = {2566CEC4-D226-35DF-8756-F6E24D520799}
	EndGlobalSection
	GlobalSection(ExtensibilityAddIns) = postSolution
	EndGlobalSection
EndGlobal
